
Microsoft Visual Studio Solution File, Format Version 12.00
# Visual Studio Version 17
VisualStudioVersion = 17.7.34024.191
MinimumVisualStudioVersion = 10.0.40219.1
Project("{FAE04EC0-301F-11D3-BF4B-00C04F79EFBC}") = "2023", "2023\2023.csproj", "{D20D4CC0-3955-4962-86B9-D7AF9275BE97}"
EndProject
Project("{FAE04EC0-301F-11D3-BF4B-00C04F79EFBC}") = "2015", "2015\2015.csproj", "{8E538163-3B3E-4AFD-8747-FC589900138E}"
EndProject
Global
	GlobalSection(SolutionConfigurationPlatforms) = preSolution
		Debug|Any CPU = Debug|Any CPU
		Release|Any CPU = Release|Any CPU
	EndGlobalSection
	GlobalSection(ProjectConfigurationPlatforms) = postSolution
		{D20D4CC0-3955-4962-86B9-D7AF9275BE97}.Debug|Any CPU.ActiveCfg = Debug|Any CPU
		{D20D4CC0-3955-4962-86B9-D7AF9275BE97}.Debug|Any CPU.Build.0 = Debug|Any CPU
		{D20D4CC0-3955-4962-86B9-D7AF9275BE97}.Release|Any CPU.ActiveCfg = Release|Any CPU
		{D20D4CC0-3955-4962-86B9-D7AF9275BE97}.Release|Any CPU.Build.0 = Release|Any CPU
		{8E538163-3B3E-4AFD-8747-FC589900138E}.Debug|Any CPU.ActiveCfg = Debug|Any CPU
		{8E538163-3B3E-4AFD-8747-FC589900138E}.Debug|Any CPU.Build.0 = Debug|Any CPU
		{8E538163-3B3E-4AFD-8747-FC589900138E}.Release|Any CPU.ActiveCfg = Release|Any CPU
		{8E538163-3B3E-4AFD-8747-FC589900138E}.Release|Any CPU.Build.0 = Release|Any CPU
	EndGlobalSection
	GlobalSection(SolutionProperties) = preSolution
		HideSolutionNode = FALSE
	EndGlobalSection
	GlobalSection(ExtensibilityGlobals) = postSolution
		SolutionGuid = {3B5608C5-BC3F-40F0-865E-DCB08023F9D8}
	EndGlobalSection
EndGlobal
